// !$*UTF8*$!
{
	archiveVersion = 1;
	classes = {
	};
	objectVersion = 56;
	objects = {

/* Begin PBXBuildFile section */
		8A17E4AC2C734B360084F489 /* timeboxed_tasksApp.swift in Sources */ = {isa = PBXBuildFile; fileRef = 8A17E4AB2C734B360084F489 /* timeboxed_tasksApp.swift */; };
		8A17E4AE2C734B360084F489 /* ContentView.swift in Sources */ = {isa = PBXBuildFile; fileRef = 8A17E4AD2C734B360084F489 /* ContentView.swift */; };
		8A17E4B02C734B360084F489 /* Item.swift in Sources */ = {isa = PBXBuildFile; fileRef = 8A17E4AF2C734B360084F489 /* Item.swift */; };
		8A17E4B22C734B380084F489 /* Assets.xcassets in Resources */ = {isa = PBXBuildFile; fileRef = 8A17E4B12C734B380084F489 /* Assets.xcassets */; };
		8A17E4B52C734B380084F489 /* Preview Assets.xcassets in Resources */ = {isa = PBXBuildFile; fileRef = 8A17E4B42C734B380084F489 /* Preview Assets.xcassets */; };
		8A17E4C02C734B380084F489 /* timeboxed_tasksTests.swift in Sources */ = {isa = PBXBuildFile; fileRef = 8A17E4BF2C734B380084F489 /* timeboxed_tasksTests.swift */; };
		8A17E4CA2C734B380084F489 /* timeboxed_tasksUITests.swift in Sources */ = {isa = PBXBuildFile; fileRef = 8A17E4C92C734B380084F489 /* timeboxed_tasksUITests.swift */; };
		8A17E4CC2C734B380084F489 /* timeboxed_tasksUITestsLaunchTests.swift in Sources */ = {isa = PBXBuildFile; fileRef = 8A17E4CB2C734B380084F489 /* timeboxed_tasksUITestsLaunchTests.swift */; };
		8A17E4D92C736FD40084F489 /* TasksView.swift in Sources */ = {isa = PBXBuildFile; fileRef = 8A17E4D82C736FD40084F489 /* TasksView.swift */; };
		8A17E4DC2C7370F90084F489 /* Task.swift in Sources */ = {isa = PBXBuildFile; fileRef = 8A17E4DB2C7370F90084F489 /* Task.swift */; };
		8A17E4DE2C73829F0084F489 /* TaskView.swift in Sources */ = {isa = PBXBuildFile; fileRef = 8A17E4DD2C73829F0084F489 /* TaskView.swift */; };
/* End PBXBuildFile section */

/* Begin PBXContainerItemProxy section */
		8A17E4BC2C734B380084F489 /* PBXContainerItemProxy */ = {
			isa = PBXContainerItemProxy;
			containerPortal = 8A17E4A02C734B360084F489 /* Project object */;
			proxyType = 1;
			remoteGlobalIDString = 8A17E4A72C734B360084F489;
			remoteInfo = "timeboxed tasks";
		};
		8A17E4C62C734B380084F489 /* PBXContainerItemProxy */ = {
			isa = PBXContainerItemProxy;
			containerPortal = 8A17E4A02C734B360084F489 /* Project object */;
			proxyType = 1;
			remoteGlobalIDString = 8A17E4A72C734B360084F489;
			remoteInfo = "timeboxed tasks";
		};
/* End PBXContainerItemProxy section */

/* Begin PBXFileReference section */
		8A17E4A82C734B360084F489 /* timeboxed tasks.app */ = {isa = PBXFileReference; explicitFileType = wrapper.application; includeInIndex = 0; path = "timeboxed tasks.app"; sourceTree = BUILT_PRODUCTS_DIR; };
		8A17E4AB2C734B360084F489 /* timeboxed_tasksApp.swift */ = {isa = PBXFileReference; lastKnownFileType = sourcecode.swift; path = timeboxed_tasksApp.swift; sourceTree = "<group>"; };
		8A17E4AD2C734B360084F489 /* ContentView.swift */ = {isa = PBXFileReference; lastKnownFileType = sourcecode.swift; path = ContentView.swift; sourceTree = "<group>"; };
		8A17E4AF2C734B360084F489 /* Item.swift */ = {isa = PBXFileReference; lastKnownFileType = sourcecode.swift; path = Item.swift; sourceTree = "<group>"; };
		8A17E4B12C734B380084F489 /* Assets.xcassets */ = {isa = PBXFileReference; lastKnownFileType = folder.assetcatalog; path = Assets.xcassets; sourceTree = "<group>"; };
		8A17E4B42C734B380084F489 /* Preview Assets.xcassets */ = {isa = PBXFileReference; lastKnownFileType = folder.assetcatalog; path = "Preview Assets.xcassets"; sourceTree = "<group>"; };
		8A17E4B62C734B380084F489 /* timeboxed_tasks.entitlements */ = {isa = PBXFileReference; lastKnownFileType = text.plist.entitlements; path = timeboxed_tasks.entitlements; sourceTree = "<group>"; };
		8A17E4BB2C734B380084F489 /* timeboxed tasksTests.xctest */ = {isa = PBXFileReference; explicitFileType = wrapper.cfbundle; includeInIndex = 0; path = "timeboxed tasksTests.xctest"; sourceTree = BUILT_PRODUCTS_DIR; };
		8A17E4BF2C734B380084F489 /* timeboxed_tasksTests.swift */ = {isa = PBXFileReference; lastKnownFileType = sourcecode.swift; path = timeboxed_tasksTests.swift; sourceTree = "<group>"; };
		8A17E4C52C734B380084F489 /* timeboxed tasksUITests.xctest */ = {isa = PBXFileReference; explicitFileType = wrapper.cfbundle; includeInIndex = 0; path = "timeboxed tasksUITests.xctest"; sourceTree = BUILT_PRODUCTS_DIR; };
		8A17E4C92C734B380084F489 /* timeboxed_tasksUITests.swift */ = {isa = PBXFileReference; lastKnownFileType = sourcecode.swift; path = timeboxed_tasksUITests.swift; sourceTree = "<group>"; };
		8A17E4CB2C734B380084F489 /* timeboxed_tasksUITestsLaunchTests.swift */ = {isa = PBXFileReference; lastKnownFileType = sourcecode.swift; path = timeboxed_tasksUITestsLaunchTests.swift; sourceTree = "<group>"; };
		8A17E4D82C736FD40084F489 /* TasksView.swift */ = {isa = PBXFileReference; lastKnownFileType = sourcecode.swift; path = TasksView.swift; sourceTree = "<group>"; };
		8A17E4DB2C7370F90084F489 /* Task.swift */ = {isa = PBXFileReference; lastKnownFileType = sourcecode.swift; path = Task.swift; sourceTree = "<group>"; };
		8A17E4DD2C73829F0084F489 /* TaskView.swift */ = {isa = PBXFileReference; lastKnownFileType = sourcecode.swift; path = TaskView.swift; sourceTree = "<group>"; };
/* End PBXFileReference section */

/* Begin PBXFrameworksBuildPhase section */
		8A17E4A52C734B360084F489 /* Frameworks */ = {
			isa = PBXFrameworksBuildPhase;
			buildActionMask = 2147483647;
			files = (
			);
			runOnlyForDeploymentPostprocessing = 0;
		};
		8A17E4B82C734B380084F489 /* Frameworks */ = {
			isa = PBXFrameworksBuildPhase;
			buildActionMask = 2147483647;
			files = (
			);
			runOnlyForDeploymentPostprocessing = 0;
		};
		8A17E4C22C734B380084F489 /* Frameworks */ = {
			isa = PBXFrameworksBuildPhase;
			buildActionMask = 2147483647;
			files = (
			);
			runOnlyForDeploymentPostprocessing = 0;
		};
/* End PBXFrameworksBuildPhase section */

/* Begin PBXGroup section */
		8A17E49F2C734B360084F489 = {
			isa = PBXGroup;
			children = (
				8A17E4AA2C734B360084F489 /* timeboxed tasks */,
				8A17E4BE2C734B380084F489 /* timeboxed tasksTests */,
				8A17E4C82C734B380084F489 /* timeboxed tasksUITests */,
				8A17E4A92C734B360084F489 /* Products */,
			);
			sourceTree = "<group>";
		};
		8A17E4A92C734B360084F489 /* Products */ = {
			isa = PBXGroup;
			children = (
				8A17E4A82C734B360084F489 /* timeboxed tasks.app */,
				8A17E4BB2C734B380084F489 /* timeboxed tasksTests.xctest */,
				8A17E4C52C734B380084F489 /* timeboxed tasksUITests.xctest */,
			);
			name = Products;
			sourceTree = "<group>";
		};
		8A17E4AA2C734B360084F489 /* timeboxed tasks */ = {
			isa = PBXGroup;
			children = (
				8A17E4DA2C7370E60084F489 /* Models */,
				8A17E4AB2C734B360084F489 /* timeboxed_tasksApp.swift */,
				8A17E4AD2C734B360084F489 /* ContentView.swift */,
				8A17E4AF2C734B360084F489 /* Item.swift */,
				8A17E4B12C734B380084F489 /* Assets.xcassets */,
				8A17E4B62C734B380084F489 /* timeboxed_tasks.entitlements */,
				8A17E4B32C734B380084F489 /* Preview Content */,
				8A17E4D82C736FD40084F489 /* TasksView.swift */,
				8A17E4DD2C73829F0084F489 /* TaskView.swift */,
			);
			path = "timeboxed tasks";
			sourceTree = "<group>";
		};
		8A17E4B32C734B380084F489 /* Preview Content */ = {
			isa = PBXGroup;
			children = (
				8A17E4B42C734B380084F489 /* Preview Assets.xcassets */,
			);
			path = "Preview Content";
			sourceTree = "<group>";
		};
		8A17E4BE2C734B380084F489 /* timeboxed tasksTests */ = {
			isa = PBXGroup;
			children = (
				8A17E4BF2C734B380084F489 /* timeboxed_tasksTests.swift */,
			);
			path = "timeboxed tasksTests";
			sourceTree = "<group>";
		};
		8A17E4C82C734B380084F489 /* timeboxed tasksUITests */ = {
			isa = PBXGroup;
			children = (
				8A17E4C92C734B380084F489 /* timeboxed_tasksUITests.swift */,
				8A17E4CB2C734B380084F489 /* timeboxed_tasksUITestsLaunchTests.swift */,
			);
			path = "timeboxed tasksUITests";
			sourceTree = "<group>";
		};
		8A17E4DA2C7370E60084F489 /* Models */ = {
			isa = PBXGroup;
			children = (
				8A17E4DB2C7370F90084F489 /* Task.swift */,
			);
			path = Models;
			sourceTree = "<group>";
		};
/* End PBXGroup section */

/* Begin PBXNativeTarget section */
		8A17E4A72C734B360084F489 /* timeboxed tasks */ = {
			isa = PBXNativeTarget;
			buildConfigurationList = 8A17E4CF2C734B380084F489 /* Build configuration list for PBXNativeTarget "timeboxed tasks" */;
			buildPhases = (
				8A17E4A42C734B360084F489 /* Sources */,
				8A17E4A52C734B360084F489 /* Frameworks */,
				8A17E4A62C734B360084F489 /* Resources */,
			);
			buildRules = (
			);
			dependencies = (
			);
			name = "timeboxed tasks";
			productName = "timeboxed tasks";
			productReference = 8A17E4A82C734B360084F489 /* timeboxed tasks.app */;
			productType = "com.apple.product-type.application";
		};
		8A17E4BA2C734B380084F489 /* timeboxed tasksTests */ = {
			isa = PBXNativeTarget;
			buildConfigurationList = 8A17E4D22C734B380084F489 /* Build configuration list for PBXNativeTarget "timeboxed tasksTests" */;
			buildPhases = (
				8A17E4B72C734B380084F489 /* Sources */,
				8A17E4B82C734B380084F489 /* Frameworks */,
				8A17E4B92C734B380084F489 /* Resources */,
			);
			buildRules = (
			);
			dependencies = (
				8A17E4BD2C734B380084F489 /* PBXTargetDependency */,
			);
			name = "timeboxed tasksTests";
			productName = "timeboxed tasksTests";
			productReference = 8A17E4BB2C734B380084F489 /* timeboxed tasksTests.xctest */;
			productType = "com.apple.product-type.bundle.unit-test";
		};
		8A17E4C42C734B380084F489 /* timeboxed tasksUITests */ = {
			isa = PBXNativeTarget;
			buildConfigurationList = 8A17E4D52C734B380084F489 /* Build configuration list for PBXNativeTarget "timeboxed tasksUITests" */;
			buildPhases = (
				8A17E4C12C734B380084F489 /* Sources */,
				8A17E4C22C734B380084F489 /* Frameworks */,
				8A17E4C32C734B380084F489 /* Resources */,
			);
			buildRules = (
			);
			dependencies = (
				8A17E4C72C734B380084F489 /* PBXTargetDependency */,
			);
			name = "timeboxed tasksUITests";
			productName = "timeboxed tasksUITests";
			productReference = 8A17E4C52C734B380084F489 /* timeboxed tasksUITests.xctest */;
			productType = "com.apple.product-type.bundle.ui-testing";
		};
/* End PBXNativeTarget section */

/* Begin PBXProject section */
		8A17E4A02C734B360084F489 /* Project object */ = {
			isa = PBXProject;
			attributes = {
				BuildIndependentTargetsInParallel = 1;
				LastSwiftUpdateCheck = 1540;
				LastUpgradeCheck = 1540;
				TargetAttributes = {
					8A17E4A72C734B360084F489 = {
						CreatedOnToolsVersion = 15.4;
					};
					8A17E4BA2C734B380084F489 = {
						CreatedOnToolsVersion = 15.4;
						TestTargetID = 8A17E4A72C734B360084F489;
					};
					8A17E4C42C734B380084F489 = {
						CreatedOnToolsVersion = 15.4;
						TestTargetID = 8A17E4A72C734B360084F489;
					};
				};
			};
			buildConfigurationList = 8A17E4A32C734B360084F489 /* Build configuration list for PBXProject "timeboxed tasks" */;
			compatibilityVersion = "Xcode 14.0";
			developmentRegion = en;
			hasScannedForEncodings = 0;
			knownRegions = (
				en,
				Base,
			);
			mainGroup = 8A17E49F2C734B360084F489;
			productRefGroup = 8A17E4A92C734B360084F489 /* Products */;
			projectDirPath = "";
			projectRoot = "";
			targets = (
				8A17E4A72C734B360084F489 /* timeboxed tasks */,
				8A17E4BA2C734B380084F489 /* timeboxed tasksTests */,
				8A17E4C42C734B380084F489 /* timeboxed tasksUITests */,
			);
		};
/* End PBXProject section */

/* Begin PBXResourcesBuildPhase section */
		8A17E4A62C734B360084F489 /* Resources */ = {
			isa = PBXResourcesBuildPhase;
			buildActionMask = 2147483647;
			files = (
				8A17E4B52C734B380084F489 /* Preview Assets.xcassets in Resources */,
				8A17E4B22C734B380084F489 /* Assets.xcassets in Resources */,
			);
			runOnlyForDeploymentPostprocessing = 0;
		};
		8A17E4B92C734B380084F489 /* Resources */ = {
			isa = PBXResourcesBuildPhase;
			buildActionMask = 2147483647;
			files = (
			);
			runOnlyForDeploymentPostprocessing = 0;
		};
		8A17E4C32C734B380084F489 /* Resources */ = {
			isa = PBXResourcesBuildPhase;
			buildActionMask = 2147483647;
			files = (
			);
			runOnlyForDeploymentPostprocessing = 0;
		};
/* End PBXResourcesBuildPhase section */

/* Begin PBXSourcesBuildPhase section */
		8A17E4A42C734B360084F489 /* Sources */ = {
			isa = PBXSourcesBuildPhase;
			buildActionMask = 2147483647;
			files = (
				8A17E4AE2C734B360084F489 /* ContentView.swift in Sources */,
				8A17E4B02C734B360084F489 /* Item.swift in Sources */,
				8A17E4DC2C7370F90084F489 /* Task.swift in Sources */,
				8A17E4DE2C73829F0084F489 /* TaskView.swift in Sources */,
				8A17E4AC2C734B360084F489 /* timeboxed_tasksApp.swift in Sources */,
				8A17E4D92C736FD40084F489 /* TasksView.swift in Sources */,
			);
			runOnlyForDeploymentPostprocessing = 0;
		};
		8A17E4B72C734B380084F489 /* Sources */ = {
			isa = PBXSourcesBuildPhase;
			buildActionMask = 2147483647;
			files = (
				8A17E4C02C734B380084F489 /* timeboxed_tasksTests.swift in Sources */,
			);
			runOnlyForDeploymentPostprocessing = 0;
		};
		8A17E4C12C734B380084F489 /* Sources */ = {
			isa = PBXSourcesBuildPhase;
			buildActionMask = 2147483647;
			files = (
				8A17E4CA2C734B380084F489 /* timeboxed_tasksUITests.swift in Sources */,
				8A17E4CC2C734B380084F489 /* timeboxed_tasksUITestsLaunchTests.swift in Sources */,
			);
			runOnlyForDeploymentPostprocessing = 0;
		};
/* End PBXSourcesBuildPhase section */

/* Begin PBXTargetDependency section */
		8A17E4BD2C734B380084F489 /* PBXTargetDependency */ = {
			isa = PBXTargetDependency;
			target = 8A17E4A72C734B360084F489 /* timeboxed tasks */;
			targetProxy = 8A17E4BC2C734B380084F489 /* PBXContainerItemProxy */;
		};
		8A17E4C72C734B380084F489 /* PBXTargetDependency */ = {
			isa = PBXTargetDependency;
			target = 8A17E4A72C734B360084F489 /* timeboxed tasks */;
			targetProxy = 8A17E4C62C734B380084F489 /* PBXContainerItemProxy */;
		};
/* End PBXTargetDependency section */

/* Begin XCBuildConfiguration section */
		8A17E4CD2C734B380084F489 /* Debug */ = {
			isa = XCBuildConfiguration;
			buildSettings = {
				ALWAYS_SEARCH_USER_PATHS = NO;
				ASSETCATALOG_COMPILER_GENERATE_SWIFT_ASSET_SYMBOL_EXTENSIONS = YES;
				CLANG_ANALYZER_NONNULL = YES;
				CLANG_ANALYZER_NUMBER_OBJECT_CONVERSION = YES_AGGRESSIVE;
				CLANG_CXX_LANGUAGE_STANDARD = "gnu++20";
				CLANG_ENABLE_MODULES = YES;
				CLANG_ENABLE_OBJC_ARC = YES;
				CLANG_ENABLE_OBJC_WEAK = YES;
				CLANG_WARN_BLOCK_CAPTURE_AUTORELEASING = YES;
				CLANG_WARN_BOOL_CONVERSION = YES;
				CLANG_WARN_COMMA = YES;
				CLANG_WARN_CONSTANT_CONVERSION = YES;
				CLANG_WARN_DEPRECATED_OBJC_IMPLEMENTATIONS = YES;
				CLANG_WARN_DIRECT_OBJC_ISA_USAGE = YES_ERROR;
				CLANG_WARN_DOCUMENTATION_COMMENTS = YES;
				CLANG_WARN_EMPTY_BODY = YES;
				CLANG_WARN_ENUM_CONVERSION = YES;
				CLANG_WARN_INFINITE_RECURSION = YES;
				CLANG_WARN_INT_CONVERSION = YES;
				CLANG_WARN_NON_LITERAL_NULL_CONVERSION = YES;
				CLANG_WARN_OBJC_IMPLICIT_RETAIN_SELF = YES;
				CLANG_WARN_OBJC_LITERAL_CONVERSION = YES;
				CLANG_WARN_OBJC_ROOT_CLASS = YES_ERROR;
				CLANG_WARN_QUOTED_INCLUDE_IN_FRAMEWORK_HEADER = YES;
				CLANG_WARN_RANGE_LOOP_ANALYSIS = YES;
				CLANG_WARN_STRICT_PROTOTYPES = YES;
				CLANG_WARN_SUSPICIOUS_MOVE = YES;
				CLANG_WARN_UNGUARDED_AVAILABILITY = YES_AGGRESSIVE;
				CLANG_WARN_UNREACHABLE_CODE = YES;
				CLANG_WARN__DUPLICATE_METHOD_MATCH = YES;
				COPY_PHASE_STRIP = NO;
				DEBUG_INFORMATION_FORMAT = dwarf;
				ENABLE_STRICT_OBJC_MSGSEND = YES;
				ENABLE_TESTABILITY = YES;
				ENABLE_USER_SCRIPT_SANDBOXING = YES;
				GCC_C_LANGUAGE_STANDARD = gnu17;
				GCC_DYNAMIC_NO_PIC = NO;
				GCC_NO_COMMON_BLOCKS = YES;
				GCC_OPTIMIZATION_LEVEL = 0;
				GCC_PREPROCESSOR_DEFINITIONS = (
					"DEBUG=1",
					"$(inherited)",
				);
				GCC_WARN_64_TO_32_BIT_CONVERSION = YES;
				GCC_WARN_ABOUT_RETURN_TYPE = YES_ERROR;
				GCC_WARN_UNDECLARED_SELECTOR = YES;
				GCC_WARN_UNINITIALIZED_AUTOS = YES_AGGRESSIVE;
				GCC_WARN_UNUSED_FUNCTION = YES;
				GCC_WARN_UNUSED_VARIABLE = YES;
				LOCALIZATION_PREFERS_STRING_CATALOGS = YES;
				MACOSX_DEPLOYMENT_TARGET = 14.4;
				MTL_ENABLE_DEBUG_INFO = INCLUDE_SOURCE;
				MTL_FAST_MATH = YES;
				ONLY_ACTIVE_ARCH = YES;
				SDKROOT = macosx;
				SWIFT_ACTIVE_COMPILATION_CONDITIONS = "DEBUG $(inherited)";
				SWIFT_OPTIMIZATION_LEVEL = "-Onone";
			};
			name = Debug;
		};
		8A17E4CE2C734B380084F489 /* Release */ = {
			isa = XCBuildConfiguration;
			buildSettings = {
				ALWAYS_SEARCH_USER_PATHS = NO;
				ASSETCATALOG_COMPILER_GENERATE_SWIFT_ASSET_SYMBOL_EXTENSIONS = YES;
				CLANG_ANALYZER_NONNULL = YES;
				CLANG_ANALYZER_NUMBER_OBJECT_CONVERSION = YES_AGGRESSIVE;
				CLANG_CXX_LANGUAGE_STANDARD = "gnu++20";
				CLANG_ENABLE_MODULES = YES;
				CLANG_ENABLE_OBJC_ARC = YES;
				CLANG_ENABLE_OBJC_WEAK = YES;
				CLANG_WARN_BLOCK_CAPTURE_AUTORELEASING = YES;
				CLANG_WARN_BOOL_CONVERSION = YES;
				CLANG_WARN_COMMA = YES;
				CLANG_WARN_CONSTANT_CONVERSION = YES;
				CLANG_WARN_DEPRECATED_OBJC_IMPLEMENTATIONS = YES;
				CLANG_WARN_DIRECT_OBJC_ISA_USAGE = YES_ERROR;
				CLANG_WARN_DOCUMENTATION_COMMENTS = YES;
				CLANG_WARN_EMPTY_BODY = YES;
				CLANG_WARN_ENUM_CONVERSION = YES;
				CLANG_WARN_INFINITE_RECURSION = YES;
				CLANG_WARN_INT_CONVERSION = YES;
				CLANG_WARN_NON_LITERAL_NULL_CONVERSION = YES;
				CLANG_WARN_OBJC_IMPLICIT_RETAIN_SELF = YES;
				CLANG_WARN_OBJC_LITERAL_CONVERSION = YES;
				CLANG_WARN_OBJC_ROOT_CLASS = YES_ERROR;
				CLANG_WARN_QUOTED_INCLUDE_IN_FRAMEWORK_HEADER = YES;
				CLANG_WARN_RANGE_LOOP_ANALYSIS = YES;
				CLANG_WARN_STRICT_PROTOTYPES = YES;
				CLANG_WARN_SUSPICIOUS_MOVE = YES;
				CLANG_WARN_UNGUARDED_AVAILABILITY = YES_AGGRESSIVE;
				CLANG_WARN_UNREACHABLE_CODE = YES;
				CLANG_WARN__DUPLICATE_METHOD_MATCH = YES;
				COPY_PHASE_STRIP = NO;
				DEBUG_INFORMATION_FORMAT = "dwarf-with-dsym";
				ENABLE_NS_ASSERTIONS = NO;
				ENABLE_STRICT_OBJC_MSGSEND = YES;
				ENABLE_USER_SCRIPT_SANDBOXING = YES;
				GCC_C_LANGUAGE_STANDARD = gnu17;
				GCC_NO_COMMON_BLOCKS = YES;
				GCC_WARN_64_TO_32_BIT_CONVERSION = YES;
				GCC_WARN_ABOUT_RETURN_TYPE = YES_ERROR;
				GCC_WARN_UNDECLARED_SELECTOR = YES;
				GCC_WARN_UNINITIALIZED_AUTOS = YES_AGGRESSIVE;
				GCC_WARN_UNUSED_FUNCTION = YES;
				GCC_WARN_UNUSED_VARIABLE = YES;
				LOCALIZATION_PREFERS_STRING_CATALOGS = YES;
				MACOSX_DEPLOYMENT_TARGET = 14.4;
				MTL_ENABLE_DEBUG_INFO = NO;
				MTL_FAST_MATH = YES;
				SDKROOT = macosx;
				SWIFT_COMPILATION_MODE = wholemodule;
			};
			name = Release;
		};
		8A17E4D02C734B380084F489 /* Debug */ = {
			isa = XCBuildConfiguration;
			buildSettings = {
				ASSETCATALOG_COMPILER_APPICON_NAME = AppIcon;
				ASSETCATALOG_COMPILER_GLOBAL_ACCENT_COLOR_NAME = AccentColor;
				CODE_SIGN_ENTITLEMENTS = "timeboxed tasks/timeboxed_tasks.entitlements";
				CODE_SIGN_STYLE = Automatic;
				COMBINE_HIDPI_IMAGES = YES;
				CURRENT_PROJECT_VERSION = 1;
				DEVELOPMENT_ASSET_PATHS = "\"timeboxed tasks/Preview Content\"";
				DEVELOPMENT_TEAM = K6MZ6N2MTU;
				ENABLE_HARDENED_RUNTIME = YES;
				ENABLE_PREVIEWS = YES;
				GENERATE_INFOPLIST_FILE = YES;
				INFOPLIST_KEY_NSHumanReadableCopyright = "";
				LD_RUNPATH_SEARCH_PATHS = (
					"$(inherited)",
					"@executable_path/../Frameworks",
				);
				MACOSX_DEPLOYMENT_TARGET = 14.0;
				MARKETING_VERSION = 1.0;
				PRODUCT_BUNDLE_IDENTIFIER = "sentry.timeboxed-tasks";
				PRODUCT_NAME = "$(TARGET_NAME)";
				SWIFT_EMIT_LOC_STRINGS = YES;
				SWIFT_VERSION = 5.0;
			};
			name = Debug;
		};
		8A17E4D12C734B380084F489 /* Release */ = {
			isa = XCBuildConfiguration;
			buildSettings = {
				ASSETCATALOG_COMPILER_APPICON_NAME = AppIcon;
				ASSETCATALOG_COMPILER_GLOBAL_ACCENT_COLOR_NAME = AccentColor;
				CODE_SIGN_ENTITLEMENTS = "timeboxed tasks/timeboxed_tasks.entitlements";
				CODE_SIGN_STYLE = Automatic;
				COMBINE_HIDPI_IMAGES = YES;
				CURRENT_PROJECT_VERSION = 1;
				DEVELOPMENT_ASSET_PATHS = "\"timeboxed tasks/Preview Content\"";
				DEVELOPMENT_TEAM = K6MZ6N2MTU;
				ENABLE_HARDENED_RUNTIME = YES;
				ENABLE_PREVIEWS = YES;
				GENERATE_INFOPLIST_FILE = YES;
				INFOPLIST_KEY_NSHumanReadableCopyright = "";
				LD_RUNPATH_SEARCH_PATHS = (
					"$(inherited)",
					"@executable_path/../Frameworks",
				);
				MACOSX_DEPLOYMENT_TARGET = 14.0;
				MARKETING_VERSION = 1.0;
				PRODUCT_BUNDLE_IDENTIFIER = "sentry.timeboxed-tasks";
				PRODUCT_NAME = "$(TARGET_NAME)";
				SWIFT_EMIT_LOC_STRINGS = YES;
				SWIFT_VERSION = 5.0;
			};
			name = Release;
		};
		8A17E4D32C734B380084F489 /* Debug */ = {
			isa = XCBuildConfiguration;
			buildSettings = {
				ALWAYS_EMBED_SWIFT_STANDARD_LIBRARIES = YES;
				BUNDLE_LOADER = "$(TEST_HOST)";
				CODE_SIGN_STYLE = Automatic;
				CURRENT_PROJECT_VERSION = 1;
				DEVELOPMENT_TEAM = K6MZ6N2MTU;
				GENERATE_INFOPLIST_FILE = YES;
				MACOSX_DEPLOYMENT_TARGET = 14.0;
				MARKETING_VERSION = 1.0;
				PRODUCT_BUNDLE_IDENTIFIER = "sentry.timeboxed-tasksTests";
				PRODUCT_NAME = "$(TARGET_NAME)";
				SWIFT_EMIT_LOC_STRINGS = NO;
				SWIFT_VERSION = 5.0;
				TEST_HOST = "$(BUILT_PRODUCTS_DIR)/timeboxed tasks.app/$(BUNDLE_EXECUTABLE_FOLDER_PATH)/timeboxed tasks";
			};
			name = Debug;
		};
		8A17E4D42C734B380084F489 /* Release */ = {
			isa = XCBuildConfiguration;
			buildSettings = {
				ALWAYS_EMBED_SWIFT_STANDARD_LIBRARIES = YES;
				BUNDLE_LOADER = "$(TEST_HOST)";
				CODE_SIGN_STYLE = Automatic;
				CURRENT_PROJECT_VERSION = 1;
				DEVELOPMENT_TEAM = K6MZ6N2MTU;
				GENERATE_INFOPLIST_FILE = YES;
				MACOSX_DEPLOYMENT_TARGET = 14.0;
				MARKETING_VERSION = 1.0;
				PRODUCT_BUNDLE_IDENTIFIER = "sentry.timeboxed-tasksTests";
				PRODUCT_NAME = "$(TARGET_NAME)";
				SWIFT_EMIT_LOC_STRINGS = NO;
				SWIFT_VERSION = 5.0;
				TEST_HOST = "$(BUILT_PRODUCTS_DIR)/timeboxed tasks.app/$(BUNDLE_EXECUTABLE_FOLDER_PATH)/timeboxed tasks";
			};
			name = Release;
		};
		8A17E4D62C734B380084F489 /* Debug */ = {
			isa = XCBuildConfiguration;
			buildSettings = {
				ALWAYS_EMBED_SWIFT_STANDARD_LIBRARIES = YES;
				CODE_SIGN_STYLE = Automatic;
				CURRENT_PROJECT_VERSION = 1;
				DEVELOPMENT_TEAM = K6MZ6N2MTU;
				GENERATE_INFOPLIST_FILE = YES;
				MARKETING_VERSION = 1.0;
				PRODUCT_BUNDLE_IDENTIFIER = "sentry.timeboxed-tasksUITests";
				PRODUCT_NAME = "$(TARGET_NAME)";
				SWIFT_EMIT_LOC_STRINGS = NO;
				SWIFT_VERSION = 5.0;
				TEST_TARGET_NAME = "timeboxed tasks";
			};
			name = Debug;
		};
		8A17E4D72C734B380084F489 /* Release */ = {
			isa = XCBuildConfiguration;
			buildSettings = {
				ALWAYS_EMBED_SWIFT_STANDARD_LIBRARIES = YES;
				CODE_SIGN_STYLE = Automatic;
				CURRENT_PROJECT_VERSION = 1;
				DEVELOPMENT_TEAM = K6MZ6N2MTU;
				GENERATE_INFOPLIST_FILE = YES;
				MARKETING_VERSION = 1.0;
				PRODUCT_BUNDLE_IDENTIFIER = "sentry.timeboxed-tasksUITests";
				PRODUCT_NAME = "$(TARGET_NAME)";
				SWIFT_EMIT_LOC_STRINGS = NO;
				SWIFT_VERSION = 5.0;
				TEST_TARGET_NAME = "timeboxed tasks";
			};
			name = Release;
		};
/* End XCBuildConfiguration section */

/* Begin XCConfigurationList section */
		8A17E4A32C734B360084F489 /* Build configuration list for PBXProject "timeboxed tasks" */ = {
			isa = XCConfigurationList;
			buildConfigurations = (
				8A17E4CD2C734B380084F489 /* Debug */,
				8A17E4CE2C734B380084F489 /* Release */,
			);
			defaultConfigurationIsVisible = 0;
			defaultConfigurationName = Release;
		};
		8A17E4CF2C734B380084F489 /* Build configuration list for PBXNativeTarget "timeboxed tasks" */ = {
			isa = XCConfigurationList;
			buildConfigurations = (
				8A17E4D02C734B380084F489 /* Debug */,
				8A17E4D12C734B380084F489 /* Release */,
			);
			defaultConfigurationIsVisible = 0;
			defaultConfigurationName = Release;
		};
		8A17E4D22C734B380084F489 /* Build configuration list for PBXNativeTarget "timeboxed tasksTests" */ = {
			isa = XCConfigurationList;
			buildConfigurations = (
				8A17E4D32C734B380084F489 /* Debug */,
				8A17E4D42C734B380084F489 /* Release */,
			);
			defaultConfigurationIsVisible = 0;
			defaultConfigurationName = Release;
		};
		8A17E4D52C734B380084F489 /* Build configuration list for PBXNativeTarget "timeboxed tasksUITests" */ = {
			isa = XCConfigurationList;
			buildConfigurations = (
				8A17E4D62C734B380084F489 /* Debug */,
				8A17E4D72C734B380084F489 /* Release */,
			);
			defaultConfigurationIsVisible = 0;
			defaultConfigurationName = Release;
		};
/* End XCConfigurationList section */
	};
	rootObject = 8A17E4A02C734B360084F489 /* Project object */;
}
